
Microsoft Visual Studio Solution File, Format Version 12.00
# Visual Studio Version 16
VisualStudioVersion = 16.0.31911.196
MinimumVisualStudioVersion = 10.0.40219.1
Project("{FAE04EC0-301F-11D3-BF4B-00C04F79EFBC}") = "ShopTreEm", "ShopTreEm\ShopTreEm.csproj", "{D7034665-BC4A-48F5-8430-4559ECF25C8F}"
EndProject
Global
	GlobalSection(SolutionConfigurationPlatforms) = preSolution
		Debug|Any CPU = Debug|Any CPU
		Release|Any CPU = Release|Any CPU
	EndGlobalSection
	GlobalSection(ProjectConfigurationPlatforms) = postSolution
		{D7034665-BC4A-48F5-8430-4559ECF25C8F}.Debug|Any CPU.ActiveCfg = Debug|Any CPU
		{D7034665-BC4A-48F5-8430-4559ECF25C8F}.Debug|Any CPU.Build.0 = Debug|Any CPU
		{D7034665-BC4A-48F5-8430-4559ECF25C8F}.Release|Any CPU.ActiveCfg = Release|Any CPU
		{D7034665-BC4A-48F5-8430-4559ECF25C8F}.Release|Any CPU.Build.0 = Release|Any CPU
	EndGlobalSection
	GlobalSection(SolutionProperties) = preSolution
		HideSolutionNode = FALSE
	EndGlobalSection
	GlobalSection(ExtensibilityGlobals) = postSolution
		SolutionGuid = {AF9E3D5D-60CB-428F-9EEE-D56D7B5B1C4E}
	EndGlobalSection
EndGlobal
